<Solution>
  <Folder Name="/services/" />
  <Folder Name="/services/compartido/">
    <Project Path="services/compartido/Unillanos.Pruebas.Compartidas/Unillanos.Pruebas.Compartidas.csproj" />
    <Project Path="services/compartido/Unillanos.ServiceDefaults/Unillanos.ServiceDefaults.csproj" />
  </Folder>
  <Folder Name="/services/entregas/" />
  <Folder Name="/services/entregas/src/">
    <Project Path="services/entregas/src/Entregas.Api/Entregas.Api.csproj" />
    <Project Path="services/entregas/src/Entregas.Application/Entregas.Application.csproj" />
    <Project Path="services/entregas/src/Entregas.Domain/Entregas.Domain.csproj" />
    <Project Path="services/entregas/src/Entregas.Infrastructure/Entregas.Infrastructure.csproj" />
  </Folder>
  <Folder Name="/services/entregas/tests/">
    <Project Path="services/entregas/tests/Entregas.IntegrationTests/Entregas.IntegrationTests.csproj" />
    <Project Path="services/entregas/tests/Entregas.UnitTests/Entregas.UnitTests.csproj" />
  </Folder>
  <Folder Name="/services/evaluaciones/" />
  <Folder Name="/services/evaluaciones/src/">
    <Project Path="services/evaluaciones/src/Evaluaciones.Api/Evaluaciones.Api.csproj" />
    <Project Path="services/evaluaciones/src/Evaluaciones.Application/Evaluaciones.Application.csproj" />
    <Project Path="services/evaluaciones/src/Evaluaciones.Domain/Evaluaciones.Domain.csproj" />
    <Project Path="services/evaluaciones/src/Evaluaciones.Infrastructure/Evaluaciones.Infrastructure.csproj" />
  </Folder>
  <Folder Name="/services/evaluaciones/tests/">
    <Project Path="services/evaluaciones/tests/Evaluaciones.IntegrationTests/Evaluaciones.IntegrationTests.csproj" />
    <Project Path="services/evaluaciones/tests/Evaluaciones.UnitTests/Evaluaciones.UnitTests.csproj" />
  </Folder>
  <Folder Name="/services/gateway/" />
  <Folder Name="/services/gateway/src/">
    <Project Path="services/gateway/src/Gateway.Api/Gateway.Api.csproj" />
  </Folder>
  <Folder Name="/services/gateway/tests/">
    <Project Path="services/gateway/tests/Gateway.IntegrationTests/Gateway.IntegrationTests.csproj" />
  </Folder>
  <Folder Name="/services/usuarios/" />
  <Folder Name="/services/usuarios/src/">
    <Project Path="services/usuarios/src/Usuarios.Api/Usuarios.Api.csproj" />
  </Folder>
  <Folder Name="/services/usuarios/tests/">
    <Project Path="services/usuarios/tests/Usuarios.IntegrationTests/Usuarios.IntegrationTests.csproj" />
  </Folder>
</Solution>
